{
    "requires": true,
    "lockfileVersion": 1,
    "dependencies": {
        "@sweetalert2/theme-dark": {
            "version": "3.1.0",
            "resolved": "https://registry.npmjs.org/@sweetalert2/theme-dark/-/theme-dark-3.1.0.tgz",
            "integrity": "sha512-tXChn56erfY02Ie82mEc/Pp4RFQ40FoaS4Ys7moQgePZOlOoyZd/o4Z1H7dzA4bpHEF6ItYXZCk+e0RkW7CKPA=="
        },
        "sweetalert2": {
            "version": "9.7.2",
            "resolved": "https://registry.npmjs.org/sweetalert2/-/sweetalert2-9.7.2.tgz",
            "integrity": "sha512-VmFmigf+rO20t5fOql21wIZlk60B8M02kXwPLmMA2qaBcVwvDQA+qGXuqtXipx1wsztTOiXgyDiBvdbHbIvQpw=="
        }
    }
}
